
Microsoft Visual Studio Solution File, Format Version 12.00
# Visual Studio Version 17
VisualStudioVersion = 17.4.33103.184
MinimumVisualStudioVersion = 10.0.40219.1
Project("{8BC9CEB8-8B4A-11D0-8D11-00A0C91BC942}") = "Dynamic", "Dynamic\Dynamic.vcxproj", "{FA7E9BB1-725F-4B76-8E49-B700D773BAA5}"
EndProject
Project("{9A19103F-16F7-4668-BE54-9A1E7A4F7556}") = "Dysnomia", "Dysnomia\Dysnomia.csproj", "{01320D8B-6A8E-4FED-A3E0-D4B72C8D8631}"
EndProject
Project("{8BC9CEB8-8B4A-11D0-8D11-00A0C91BC942}") = "Affinity", "Affinity\Affinity.vcxproj", "{FF259607-B668-4674-8A67-9A01CA424F0B}"
EndProject
Project("{8BC9CEB8-8B4A-11D0-8D11-00A0C91BC942}") = "Math", "Math\Math.vcxproj", "{8582C43D-1722-4D10-AB37-3DBE7B588957}"
EndProject
Project("{8BC9CEB8-8B4A-11D0-8D11-00A0C91BC942}") = "Orbital", "Orbital\Orbital.vcxproj", "{BA9618B0-2BB2-4F10-A4AA-B547878E1C24}"
EndProject
Project("{8BC9CEB8-8B4A-11D0-8D11-00A0C91BC942}") = "Ion", "Ion\Ion.vcxproj", "{9C11F74F-5142-42B1-880A-F6753831034E}"
EndProject
Project("{9A19103F-16F7-4668-BE54-9A1E7A4F7556}") = "Prion", "Prion\Prion.csproj", "{A23C082B-0028-43E4-8C29-D1AABFF82FC5}"
EndProject
Project("{8BC9CEB8-8B4A-11D0-8D11-00A0C91BC942}") = "Quaternion", "Quaternion\Quaternion.vcxproj", "{5A69282D-0356-4496-915F-72FD74276C6B}"
EndProject
Project("{8BC9CEB8-8B4A-11D0-8D11-00A0C91BC942}") = "Polygamma", "Polygamma\Polygamma.vcxproj", "{8CF4EF26-9860-4470-9BCB-BDEC2A0BCD26}"
EndProject
Project("{8BC9CEB8-8B4A-11D0-8D11-00A0C91BC942}") = "Octonion", "Octonion\Octonion.vcxproj", "{5CCA240E-63B7-403B-B88B-0F4562C2F87C}"
EndProject
Project("{8BC9CEB8-8B4A-11D0-8D11-00A0C91BC942}") = "Quark", "Quark\Quark.vcxproj", "{1986499B-2B92-4E30-930F-36CFB1B019D9}"
EndProject
Project("{8BC9CEB8-8B4A-11D0-8D11-00A0C91BC942}") = "Soliton", "Soliton\Soliton.vcxproj", "{152B6754-8032-4E19-A40A-D29F4E09B800}"
EndProject
Global
	GlobalSection(SolutionConfigurationPlatforms) = preSolution
		Debug|Any CPU = Debug|Any CPU
		Debug|x64 = Debug|x64
		Debug|x86 = Debug|x86
		Release|Any CPU = Release|Any CPU
		Release|x64 = Release|x64
		Release|x86 = Release|x86
	EndGlobalSection
	GlobalSection(ProjectConfigurationPlatforms) = postSolution
		{FA7E9BB1-725F-4B76-8E49-B700D773BAA5}.Debug|Any CPU.ActiveCfg = Debug|x64
		{FA7E9BB1-725F-4B76-8E49-B700D773BAA5}.Debug|Any CPU.Build.0 = Debug|x64
		{FA7E9BB1-725F-4B76-8E49-B700D773BAA5}.Debug|x64.ActiveCfg = Debug|x64
		{FA7E9BB1-725F-4B76-8E49-B700D773BAA5}.Debug|x64.Build.0 = Debug|x64
		{FA7E9BB1-725F-4B76-8E49-B700D773BAA5}.Debug|x86.ActiveCfg = Debug|Win32
		{FA7E9BB1-725F-4B76-8E49-B700D773BAA5}.Debug|x86.Build.0 = Debug|Win32
		{FA7E9BB1-725F-4B76-8E49-B700D773BAA5}.Release|Any CPU.ActiveCfg = Release|x64
		{FA7E9BB1-725F-4B76-8E49-B700D773BAA5}.Release|Any CPU.Build.0 = Release|x64
		{FA7E9BB1-725F-4B76-8E49-B700D773BAA5}.Release|x64.ActiveCfg = Release|x64
		{FA7E9BB1-725F-4B76-8E49-B700D773BAA5}.Release|x64.Build.0 = Release|x64
		{FA7E9BB1-725F-4B76-8E49-B700D773BAA5}.Release|x86.ActiveCfg = Release|Win32
		{FA7E9BB1-725F-4B76-8E49-B700D773BAA5}.Release|x86.Build.0 = Release|Win32
		{01320D8B-6A8E-4FED-A3E0-D4B72C8D8631}.Debug|Any CPU.ActiveCfg = Debug|Any CPU
		{01320D8B-6A8E-4FED-A3E0-D4B72C8D8631}.Debug|Any CPU.Build.0 = Debug|Any CPU
		{01320D8B-6A8E-4FED-A3E0-D4B72C8D8631}.Debug|x64.ActiveCfg = Debug|Any CPU
		{01320D8B-6A8E-4FED-A3E0-D4B72C8D8631}.Debug|x64.Build.0 = Debug|Any CPU
		{01320D8B-6A8E-4FED-A3E0-D4B72C8D8631}.Debug|x86.ActiveCfg = Debug|Any CPU
		{01320D8B-6A8E-4FED-A3E0-D4B72C8D8631}.Debug|x86.Build.0 = Debug|Any CPU
		{01320D8B-6A8E-4FED-A3E0-D4B72C8D8631}.Release|Any CPU.ActiveCfg = Release|Any CPU
		{01320D8B-6A8E-4FED-A3E0-D4B72C8D8631}.Release|Any CPU.Build.0 = Release|Any CPU
		{01320D8B-6A8E-4FED-A3E0-D4B72C8D8631}.Release|x64.ActiveCfg = Release|Any CPU
		{01320D8B-6A8E-4FED-A3E0-D4B72C8D8631}.Release|x64.Build.0 = Release|Any CPU
		{01320D8B-6A8E-4FED-A3E0-D4B72C8D8631}.Release|x86.ActiveCfg = Release|Any CPU
		{01320D8B-6A8E-4FED-A3E0-D4B72C8D8631}.Release|x86.Build.0 = Release|Any CPU
		{FF259607-B668-4674-8A67-9A01CA424F0B}.Debug|Any CPU.ActiveCfg = Debug|x64
		{FF259607-B668-4674-8A67-9A01CA424F0B}.Debug|Any CPU.Build.0 = Debug|x64
		{FF259607-B668-4674-8A67-9A01CA424F0B}.Debug|x64.ActiveCfg = Debug|x64
		{FF259607-B668-4674-8A67-9A01CA424F0B}.Debug|x64.Build.0 = Debug|x64
		{FF259607-B668-4674-8A67-9A01CA424F0B}.Debug|x86.ActiveCfg = Debug|Win32
		{FF259607-B668-4674-8A67-9A01CA424F0B}.Debug|x86.Build.0 = Debug|Win32
		{FF259607-B668-4674-8A67-9A01CA424F0B}.Release|Any CPU.ActiveCfg = Release|x64
		{FF259607-B668-4674-8A67-9A01CA424F0B}.Release|Any CPU.Build.0 = Release|x64
		{FF259607-B668-4674-8A67-9A01CA424F0B}.Release|x64.ActiveCfg = Release|x64
		{FF259607-B668-4674-8A67-9A01CA424F0B}.Release|x64.Build.0 = Release|x64
		{FF259607-B668-4674-8A67-9A01CA424F0B}.Release|x86.ActiveCfg = Release|Win32
		{FF259607-B668-4674-8A67-9A01CA424F0B}.Release|x86.Build.0 = Release|Win32
		{8582C43D-1722-4D10-AB37-3DBE7B588957}.Debug|Any CPU.ActiveCfg = Debug|x64
		{8582C43D-1722-4D10-AB37-3DBE7B588957}.Debug|Any CPU.Build.0 = Debug|x64
		{8582C43D-1722-4D10-AB37-3DBE7B588957}.Debug|x64.ActiveCfg = Debug|x64
		{8582C43D-1722-4D10-AB37-3DBE7B588957}.Debug|x64.Build.0 = Debug|x64
		{8582C43D-1722-4D10-AB37-3DBE7B588957}.Debug|x86.ActiveCfg = Debug|Win32
		{8582C43D-1722-4D10-AB37-3DBE7B588957}.Debug|x86.Build.0 = Debug|Win32
		{8582C43D-1722-4D10-AB37-3DBE7B588957}.Release|Any CPU.ActiveCfg = Release|x64
		{8582C43D-1722-4D10-AB37-3DBE7B588957}.Release|Any CPU.Build.0 = Release|x64
		{8582C43D-1722-4D10-AB37-3DBE7B588957}.Release|x64.ActiveCfg = Release|x64
		{8582C43D-1722-4D10-AB37-3DBE7B588957}.Release|x64.Build.0 = Release|x64
		{8582C43D-1722-4D10-AB37-3DBE7B588957}.Release|x86.ActiveCfg = Release|Win32
		{8582C43D-1722-4D10-AB37-3DBE7B588957}.Release|x86.Build.0 = Release|Win32
		{BA9618B0-2BB2-4F10-A4AA-B547878E1C24}.Debug|Any CPU.ActiveCfg = Debug|x64
		{BA9618B0-2BB2-4F10-A4AA-B547878E1C24}.Debug|Any CPU.Build.0 = Debug|x64
		{BA9618B0-2BB2-4F10-A4AA-B547878E1C24}.Debug|x64.ActiveCfg = Debug|x64
		{BA9618B0-2BB2-4F10-A4AA-B547878E1C24}.Debug|x64.Build.0 = Debug|x64
		{BA9618B0-2BB2-4F10-A4AA-B547878E1C24}.Debug|x86.ActiveCfg = Debug|Win32
		{BA9618B0-2BB2-4F10-A4AA-B547878E1C24}.Debug|x86.Build.0 = Debug|Win32
		{BA9618B0-2BB2-4F10-A4AA-B547878E1C24}.Release|Any CPU.ActiveCfg = Release|x64
		{BA9618B0-2BB2-4F10-A4AA-B547878E1C24}.Release|Any CPU.Build.0 = Release|x64
		{BA9618B0-2BB2-4F10-A4AA-B547878E1C24}.Release|x64.ActiveCfg = Release|x64
		{BA9618B0-2BB2-4F10-A4AA-B547878E1C24}.Release|x64.Build.0 = Release|x64
		{BA9618B0-2BB2-4F10-A4AA-B547878E1C24}.Release|x86.ActiveCfg = Release|Win32
		{BA9618B0-2BB2-4F10-A4AA-B547878E1C24}.Release|x86.Build.0 = Release|Win32
		{9C11F74F-5142-42B1-880A-F6753831034E}.Debug|Any CPU.ActiveCfg = Debug|x64
		{9C11F74F-5142-42B1-880A-F6753831034E}.Debug|Any CPU.Build.0 = Debug|x64
		{9C11F74F-5142-42B1-880A-F6753831034E}.Debug|x64.ActiveCfg = Debug|x64
		{9C11F74F-5142-42B1-880A-F6753831034E}.Debug|x64.Build.0 = Debug|x64
		{9C11F74F-5142-42B1-880A-F6753831034E}.Debug|x86.ActiveCfg = Debug|Win32
		{9C11F74F-5142-42B1-880A-F6753831034E}.Debug|x86.Build.0 = Debug|Win32
		{9C11F74F-5142-42B1-880A-F6753831034E}.Release|Any CPU.ActiveCfg = Release|x64
		{9C11F74F-5142-42B1-880A-F6753831034E}.Release|Any CPU.Build.0 = Release|x64
		{9C11F74F-5142-42B1-880A-F6753831034E}.Release|x64.ActiveCfg = Release|x64
		{9C11F74F-5142-42B1-880A-F6753831034E}.Release|x64.Build.0 = Release|x64
		{9C11F74F-5142-42B1-880A-F6753831034E}.Release|x86.ActiveCfg = Release|Win32
		{9C11F74F-5142-42B1-880A-F6753831034E}.Release|x86.Build.0 = Release|Win32
		{A23C082B-0028-43E4-8C29-D1AABFF82FC5}.Debug|Any CPU.ActiveCfg = Debug|Any CPU
		{A23C082B-0028-43E4-8C29-D1AABFF82FC5}.Debug|Any CPU.Build.0 = Debug|Any CPU
		{A23C082B-0028-43E4-8C29-D1AABFF82FC5}.Debug|x64.ActiveCfg = Debug|Any CPU
		{A23C082B-0028-43E4-8C29-D1AABFF82FC5}.Debug|x64.Build.0 = Debug|Any CPU
		{A23C082B-0028-43E4-8C29-D1AABFF82FC5}.Debug|x86.ActiveCfg = Debug|Any CPU
		{A23C082B-0028-43E4-8C29-D1AABFF82FC5}.Debug|x86.Build.0 = Debug|Any CPU
		{A23C082B-0028-43E4-8C29-D1AABFF82FC5}.Release|Any CPU.ActiveCfg = Release|Any CPU
		{A23C082B-0028-43E4-8C29-D1AABFF82FC5}.Release|Any CPU.Build.0 = Release|Any CPU
		{A23C082B-0028-43E4-8C29-D1AABFF82FC5}.Release|x64.ActiveCfg = Release|Any CPU
		{A23C082B-0028-43E4-8C29-D1AABFF82FC5}.Release|x64.Build.0 = Release|Any CPU
		{A23C082B-0028-43E4-8C29-D1AABFF82FC5}.Release|x86.ActiveCfg = Release|Any CPU
		{A23C082B-0028-43E4-8C29-D1AABFF82FC5}.Release|x86.Build.0 = Release|Any CPU
		{5A69282D-0356-4496-915F-72FD74276C6B}.Debug|Any CPU.ActiveCfg = Debug|x64
		{5A69282D-0356-4496-915F-72FD74276C6B}.Debug|Any CPU.Build.0 = Debug|x64
		{5A69282D-0356-4496-915F-72FD74276C6B}.Debug|x64.ActiveCfg = Debug|x64
		{5A69282D-0356-4496-915F-72FD74276C6B}.Debug|x64.Build.0 = Debug|x64
		{5A69282D-0356-4496-915F-72FD74276C6B}.Debug|x86.ActiveCfg = Debug|Win32
		{5A69282D-0356-4496-915F-72FD74276C6B}.Debug|x86.Build.0 = Debug|Win32
		{5A69282D-0356-4496-915F-72FD74276C6B}.Release|Any CPU.ActiveCfg = Release|x64
		{5A69282D-0356-4496-915F-72FD74276C6B}.Release|Any CPU.Build.0 = Release|x64
		{5A69282D-0356-4496-915F-72FD74276C6B}.Release|x64.ActiveCfg = Release|x64
		{5A69282D-0356-4496-915F-72FD74276C6B}.Release|x64.Build.0 = Release|x64
		{5A69282D-0356-4496-915F-72FD74276C6B}.Release|x86.ActiveCfg = Release|Win32
		{5A69282D-0356-4496-915F-72FD74276C6B}.Release|x86.Build.0 = Release|Win32
		{8CF4EF26-9860-4470-9BCB-BDEC2A0BCD26}.Debug|Any CPU.ActiveCfg = Debug|x64
		{8CF4EF26-9860-4470-9BCB-BDEC2A0BCD26}.Debug|Any CPU.Build.0 = Debug|x64
		{8CF4EF26-9860-4470-9BCB-BDEC2A0BCD26}.Debug|x64.ActiveCfg = Debug|x64
		{8CF4EF26-9860-4470-9BCB-BDEC2A0BCD26}.Debug|x64.Build.0 = Debug|x64
		{8CF4EF26-9860-4470-9BCB-BDEC2A0BCD26}.Debug|x86.ActiveCfg = Debug|Win32
		{8CF4EF26-9860-4470-9BCB-BDEC2A0BCD26}.Debug|x86.Build.0 = Debug|Win32
		{8CF4EF26-9860-4470-9BCB-BDEC2A0BCD26}.Release|Any CPU.ActiveCfg = Release|x64
		{8CF4EF26-9860-4470-9BCB-BDEC2A0BCD26}.Release|Any CPU.Build.0 = Release|x64
		{8CF4EF26-9860-4470-9BCB-BDEC2A0BCD26}.Release|x64.ActiveCfg = Release|x64
		{8CF4EF26-9860-4470-9BCB-BDEC2A0BCD26}.Release|x64.Build.0 = Release|x64
		{8CF4EF26-9860-4470-9BCB-BDEC2A0BCD26}.Release|x86.ActiveCfg = Release|Win32
		{8CF4EF26-9860-4470-9BCB-BDEC2A0BCD26}.Release|x86.Build.0 = Release|Win32
		{5CCA240E-63B7-403B-B88B-0F4562C2F87C}.Debug|Any CPU.ActiveCfg = Debug|x64
		{5CCA240E-63B7-403B-B88B-0F4562C2F87C}.Debug|Any CPU.Build.0 = Debug|x64
		{5CCA240E-63B7-403B-B88B-0F4562C2F87C}.Debug|x64.ActiveCfg = Debug|x64
		{5CCA240E-63B7-403B-B88B-0F4562C2F87C}.Debug|x64.Build.0 = Debug|x64
		{5CCA240E-63B7-403B-B88B-0F4562C2F87C}.Debug|x86.ActiveCfg = Debug|Win32
		{5CCA240E-63B7-403B-B88B-0F4562C2F87C}.Debug|x86.Build.0 = Debug|Win32
		{5CCA240E-63B7-403B-B88B-0F4562C2F87C}.Release|Any CPU.ActiveCfg = Release|x64
		{5CCA240E-63B7-403B-B88B-0F4562C2F87C}.Release|Any CPU.Build.0 = Release|x64
		{5CCA240E-63B7-403B-B88B-0F4562C2F87C}.Release|x64.ActiveCfg = Release|x64
		{5CCA240E-63B7-403B-B88B-0F4562C2F87C}.Release|x64.Build.0 = Release|x64
		{5CCA240E-63B7-403B-B88B-0F4562C2F87C}.Release|x86.ActiveCfg = Release|Win32
		{5CCA240E-63B7-403B-B88B-0F4562C2F87C}.Release|x86.Build.0 = Release|Win32
		{1986499B-2B92-4E30-930F-36CFB1B019D9}.Debug|Any CPU.ActiveCfg = Debug|x64
		{1986499B-2B92-4E30-930F-36CFB1B019D9}.Debug|Any CPU.Build.0 = Debug|x64
		{1986499B-2B92-4E30-930F-36CFB1B019D9}.Debug|x64.ActiveCfg = Debug|x64
		{1986499B-2B92-4E30-930F-36CFB1B019D9}.Debug|x64.Build.0 = Debug|x64
		{1986499B-2B92-4E30-930F-36CFB1B019D9}.Debug|x86.ActiveCfg = Debug|Win32
		{1986499B-2B92-4E30-930F-36CFB1B019D9}.Debug|x86.Build.0 = Debug|Win32
		{1986499B-2B92-4E30-930F-36CFB1B019D9}.Release|Any CPU.ActiveCfg = Release|x64
		{1986499B-2B92-4E30-930F-36CFB1B019D9}.Release|Any CPU.Build.0 = Release|x64
		{1986499B-2B92-4E30-930F-36CFB1B019D9}.Release|x64.ActiveCfg = Release|x64
		{1986499B-2B92-4E30-930F-36CFB1B019D9}.Release|x64.Build.0 = Release|x64
		{1986499B-2B92-4E30-930F-36CFB1B019D9}.Release|x86.ActiveCfg = Release|Win32
		{1986499B-2B92-4E30-930F-36CFB1B019D9}.Release|x86.Build.0 = Release|Win32
		{152B6754-8032-4E19-A40A-D29F4E09B800}.Debug|Any CPU.ActiveCfg = Debug|x64
		{152B6754-8032-4E19-A40A-D29F4E09B800}.Debug|Any CPU.Build.0 = Debug|x64
		{152B6754-8032-4E19-A40A-D29F4E09B800}.Debug|x64.ActiveCfg = Debug|x64
		{152B6754-8032-4E19-A40A-D29F4E09B800}.Debug|x64.Build.0 = Debug|x64
		{152B6754-8032-4E19-A40A-D29F4E09B800}.Debug|x86.ActiveCfg = Debug|Win32
		{152B6754-8032-4E19-A40A-D29F4E09B800}.Debug|x86.Build.0 = Debug|Win32
		{152B6754-8032-4E19-A40A-D29F4E09B800}.Release|Any CPU.ActiveCfg = Release|x64
		{152B6754-8032-4E19-A40A-D29F4E09B800}.Release|Any CPU.Build.0 = Release|x64
		{152B6754-8032-4E19-A40A-D29F4E09B800}.Release|x64.ActiveCfg = Release|x64
		{152B6754-8032-4E19-A40A-D29F4E09B800}.Release|x64.Build.0 = Release|x64
		{152B6754-8032-4E19-A40A-D29F4E09B800}.Release|x86.ActiveCfg = Release|Win32
		{152B6754-8032-4E19-A40A-D29F4E09B800}.Release|x86.Build.0 = Release|Win32
	EndGlobalSection
	GlobalSection(SolutionProperties) = preSolution
		HideSolutionNode = FALSE
	EndGlobalSection
	GlobalSection(ExtensibilityGlobals) = postSolution
		SolutionGuid = {79542A88-4140-4EB3-AE81-63D848ED7702}
	EndGlobalSection
EndGlobal
