Microsoft Visual Studio Solution File, Format Version 12.00
# Visual Studio Version 17
VisualStudioVersion = 17.4.33103.184
MinimumVisualStudioVersion = 10.0.40219.1
Project("{8BC9CEB8-8B4A-11D0-8D11-00A0C91BC942}") = "Dynamic", "Model\Dynamic\Dynamic.vcxproj", "{FA7E9BB1-725F-4B76-8E49-B700D773BAA5}"
EndProject
Project("{9A19103F-16F7-4668-BE54-9A1E7A4F7556}") = "Dysnomia", "Dysnomia\Dysnomia.csproj", "{01320D8B-6A8E-4FED-A3E0-D4B72C8D8631}"
EndProject
Project("{8BC9CEB8-8B4A-11D0-8D11-00A0C91BC942}") = "Affinity", "Model\Affinity\Affinity.vcxproj", "{FF259607-B668-4674-8A67-9A01CA424F0B}"
EndProject
Project("{8BC9CEB8-8B4A-11D0-8D11-00A0C91BC942}") = "Math", "Util\Math\Math.vcxproj", "{8582C43D-1722-4D10-AB37-3DBE7B588957}"
EndProject
Project("{8BC9CEB8-8B4A-11D0-8D11-00A0C91BC942}") = "Orbital", "Model\Orbital\Orbital.vcxproj", "{BA9618B0-2BB2-4F10-A4AA-B547878E1C24}"
EndProject
Project("{8BC9CEB8-8B4A-11D0-8D11-00A0C91BC942}") = "Ion", "Model\Ion\Ion.vcxproj", "{9C11F74F-5142-42B1-880A-F6753831034E}"
EndProject
Project("{8BC9CEB8-8B4A-11D0-8D11-00A0C91BC942}") = "Quaternion", "Model\Quaternion\Quaternion.vcxproj", "{5A69282D-0356-4496-915F-72FD74276C6B}"
EndProject
Project("{8BC9CEB8-8B4A-11D0-8D11-00A0C91BC942}") = "Polygamma", "Model\Polygamma\Polygamma.vcxproj", "{8CF4EF26-9860-4470-9BCB-BDEC2A0BCD26}"
EndProject
Project("{8BC9CEB8-8B4A-11D0-8D11-00A0C91BC942}") = "Octonion", "Model\Octonion\Octonion.vcxproj", "{5CCA240E-63B7-403B-B88B-0F4562C2F87C}"
EndProject
Project("{8BC9CEB8-8B4A-11D0-8D11-00A0C91BC942}") = "Quark", "Model\Quark\Quark.vcxproj", "{1986499B-2B92-4E30-930F-36CFB1B019D9}"
EndProject
Project("{8BC9CEB8-8B4A-11D0-8D11-00A0C91BC942}") = "Soliton", "Model\Soliton\Soliton.vcxproj", "{152B6754-8032-4E19-A40A-D29F4E09B800}"
EndProject
Project("{2150E333-8FDC-42A3-9474-1A3956D46DE8}") = "Model", "Model", "{FBB7B083-FDEC-4BEC-8A49-B6BB11F9A694}"
EndProject
Project("{2150E333-8FDC-42A3-9474-1A3956D46DE8}") = "Util", "Util", "{13C489BD-77C8-49B8-AC7A-FFBE6226FDF6}"
EndProject
Project("{8BC9CEB8-8B4A-11D0-8D11-00A0C91BC942}") = "Generics", "Util\Generics\Generics.vcxproj", "{9572F40A-6C73-4E4A-982F-021A478D4488}"
EndProject
Project("{8BC9CEB8-8B4A-11D0-8D11-00A0C91BC942}") = "Spin", "Model\Spin\Spin.vcxproj", "{C9E94EF9-CA32-40FF-AB36-AC027EF7699B}"
EndProject
Project("{8BC9CEB8-8B4A-11D0-8D11-00A0C91BC942}") = "Polysigma", "Model\Polysigma\Polysigma.vcxproj", "{D61D5DA2-0227-4D4B-B822-6F56707EC016}"
EndProject
Project("{8BC9CEB8-8B4A-11D0-8D11-00A0C91BC942}") = "Polyrho", "Model\Polyrho\Polyrho.vcxproj", "{0CBAD6D3-EFD2-4C15-B6B9-9735334805EE}"
EndProject
Project("{8BC9CEB8-8B4A-11D0-8D11-00A0C91BC942}") = "Polynu", "Model\Polynu\Polynu.vcxproj", "{A111571A-CFBB-4E07-AA6F-13FCE8547EE7}"
EndProject
Project("{8BC9CEB8-8B4A-11D0-8D11-00A0C91BC942}") = "Bundle", "Model\Bundle\Bundle.vcxproj", "{3347F898-6843-431F-AF04-A167A2B4D62B}"
EndProject
Project("{8BC9CEB8-8B4A-11D0-8D11-00A0C91BC942}") = "Tensor", "Model\Tensor\Tensor.vcxproj", "{716E7530-0089-4C2F-990D-7309DCA9F81D}"
EndProject
Project("{8BC9CEB8-8B4A-11D0-8D11-00A0C91BC942}") = "Polyphi", "Model\Polyphi\Polyphi.vcxproj", "{4D7DFDD6-CB44-4E5F-A27D-E1F47216E9B3}"
EndProject
Project("{8BC9CEB8-8B4A-11D0-8D11-00A0C91BC942}") = "Spinor", "Model\Spinor\Spinor.vcxproj", "{892BA136-FAC3-40D0-B4D5-A0839573D0B3}"
EndProject
Project("{2150E333-8FDC-42A3-9474-1A3956D46DE8}") = "Platform", "Platform", "{4FB4CC56-D360-4C93-A2F8-53DB3D197814}"
EndProject
Project("{2150E333-8FDC-42A3-9474-1A3956D46DE8}") = "Interfaces", "Interfaces", "{FB311C0C-1032-4D99-8C3D-BD518201F692}"
EndProject
Project("{8BC9CEB8-8B4A-11D0-8D11-00A0C91BC942}") = "Wou", "Platform\Interfaces\Wou\Wou.vcxproj", "{D2BAA4DA-CE56-43A1-83A5-EA0BF77F47D8}"
EndProject
Project("{8BC9CEB8-8B4A-11D0-8D11-00A0C91BC942}") = "Elements", "Platform\Elements\Elements.vcxproj", "{8EB3B263-33AA-40CB-8552-2AD6109C4B78}"
EndProject
Project("{8BC9CEB8-8B4A-11D0-8D11-00A0C91BC942}") = "Dai", "Platform\Interfaces\Dai\Dai.vcxproj", "{AA973657-2E6A-46A3-91C7-894E7B6EEE21}"
EndProject
Project("{8BC9CEB8-8B4A-11D0-8D11-00A0C91BC942}") = "Jong", "Platform\Interfaces\Jong\Jong.vcxproj", "{4C5A274C-22CE-4959-AA2A-225E5B295E9B}"
EndProject
Project("{8BC9CEB8-8B4A-11D0-8D11-00A0C91BC942}") = "Tian", "Platform\Interfaces\Tian\Tian.vcxproj", "{F219A401-F560-4955-A07D-08C5653C68A1}"
EndProject
Project("{8BC9CEB8-8B4A-11D0-8D11-00A0C91BC942}") = "Xun", "Platform\Interfaces\Xun\Xun.vcxproj", "{010778F4-75D3-49B9-96EA-FE100B131D94}"
EndProject
Global
	GlobalSection(SolutionConfigurationPlatforms) = preSolution
		Debug|Any CPU = Debug|Any CPU
		Debug|x64 = Debug|x64
		Debug|x86 = Debug|x86
		Release|Any CPU = Release|Any CPU
		Release|x64 = Release|x64
		Release|x86 = Release|x86
	EndGlobalSection
	GlobalSection(ProjectConfigurationPlatforms) = postSolution
		{FA7E9BB1-725F-4B76-8E49-B700D773BAA5}.Debug|Any CPU.ActiveCfg = Debug|x64
		{FA7E9BB1-725F-4B76-8E49-B700D773BAA5}.Debug|Any CPU.Build.0 = Debug|x64
		{FA7E9BB1-725F-4B76-8E49-B700D773BAA5}.Debug|x64.ActiveCfg = Debug|x64
		{FA7E9BB1-725F-4B76-8E49-B700D773BAA5}.Debug|x64.Build.0 = Debug|x64
		{FA7E9BB1-725F-4B76-8E49-B700D773BAA5}.Debug|x86.ActiveCfg = Debug|Win32
		{FA7E9BB1-725F-4B76-8E49-B700D773BAA5}.Debug|x86.Build.0 = Debug|Win32
		{FA7E9BB1-725F-4B76-8E49-B700D773BAA5}.Release|Any CPU.ActiveCfg = Release|x64
		{FA7E9BB1-725F-4B76-8E49-B700D773BAA5}.Release|Any CPU.Build.0 = Release|x64
		{FA7E9BB1-725F-4B76-8E49-B700D773BAA5}.Release|x64.ActiveCfg = Release|x64
		{FA7E9BB1-725F-4B76-8E49-B700D773BAA5}.Release|x64.Build.0 = Release|x64
		{FA7E9BB1-725F-4B76-8E49-B700D773BAA5}.Release|x86.ActiveCfg = Release|Win32
		{FA7E9BB1-725F-4B76-8E49-B700D773BAA5}.Release|x86.Build.0 = Release|Win32
		{01320D8B-6A8E-4FED-A3E0-D4B72C8D8631}.Debug|Any CPU.ActiveCfg = Debug|Any CPU
		{01320D8B-6A8E-4FED-A3E0-D4B72C8D8631}.Debug|Any CPU.Build.0 = Debug|Any CPU
		{01320D8B-6A8E-4FED-A3E0-D4B72C8D8631}.Debug|x64.ActiveCfg = Debug|Any CPU
		{01320D8B-6A8E-4FED-A3E0-D4B72C8D8631}.Debug|x64.Build.0 = Debug|Any CPU
		{01320D8B-6A8E-4FED-A3E0-D4B72C8D8631}.Debug|x86.ActiveCfg = Debug|Any CPU
		{01320D8B-6A8E-4FED-A3E0-D4B72C8D8631}.Debug|x86.Build.0 = Debug|Any CPU
		{01320D8B-6A8E-4FED-A3E0-D4B72C8D8631}.Release|Any CPU.ActiveCfg = Release|Any CPU
		{01320D8B-6A8E-4FED-A3E0-D4B72C8D8631}.Release|Any CPU.Build.0 = Release|Any CPU
		{01320D8B-6A8E-4FED-A3E0-D4B72C8D8631}.Release|x64.ActiveCfg = Release|Any CPU
		{01320D8B-6A8E-4FED-A3E0-D4B72C8D8631}.Release|x64.Build.0 = Release|Any CPU
		{01320D8B-6A8E-4FED-A3E0-D4B72C8D8631}.Release|x86.ActiveCfg = Release|Any CPU
		{01320D8B-6A8E-4FED-A3E0-D4B72C8D8631}.Release|x86.Build.0 = Release|Any CPU
		{FF259607-B668-4674-8A67-9A01CA424F0B}.Debug|Any CPU.ActiveCfg = Debug|x64
		{FF259607-B668-4674-8A67-9A01CA424F0B}.Debug|Any CPU.Build.0 = Debug|x64
		{FF259607-B668-4674-8A67-9A01CA424F0B}.Debug|x64.ActiveCfg = Debug|x64
		{FF259607-B668-4674-8A67-9A01CA424F0B}.Debug|x64.Build.0 = Debug|x64
		{FF259607-B668-4674-8A67-9A01CA424F0B}.Debug|x86.ActiveCfg = Debug|Win32
		{FF259607-B668-4674-8A67-9A01CA424F0B}.Debug|x86.Build.0 = Debug|Win32
		{FF259607-B668-4674-8A67-9A01CA424F0B}.Release|Any CPU.ActiveCfg = Release|x64
		{FF259607-B668-4674-8A67-9A01CA424F0B}.Release|Any CPU.Build.0 = Release|x64
		{FF259607-B668-4674-8A67-9A01CA424F0B}.Release|x64.ActiveCfg = Release|x64
		{FF259607-B668-4674-8A67-9A01CA424F0B}.Release|x64.Build.0 = Release|x64
		{FF259607-B668-4674-8A67-9A01CA424F0B}.Release|x86.ActiveCfg = Release|Win32
		{FF259607-B668-4674-8A67-9A01CA424F0B}.Release|x86.Build.0 = Release|Win32
		{8582C43D-1722-4D10-AB37-3DBE7B588957}.Debug|Any CPU.ActiveCfg = Debug|x64
		{8582C43D-1722-4D10-AB37-3DBE7B588957}.Debug|Any CPU.Build.0 = Debug|x64
		{8582C43D-1722-4D10-AB37-3DBE7B588957}.Debug|x64.ActiveCfg = Debug|x64
		{8582C43D-1722-4D10-AB37-3DBE7B588957}.Debug|x64.Build.0 = Debug|x64
		{8582C43D-1722-4D10-AB37-3DBE7B588957}.Debug|x86.ActiveCfg = Debug|Win32
		{8582C43D-1722-4D10-AB37-3DBE7B588957}.Debug|x86.Build.0 = Debug|Win32
		{8582C43D-1722-4D10-AB37-3DBE7B588957}.Release|Any CPU.ActiveCfg = Release|x64
		{8582C43D-1722-4D10-AB37-3DBE7B588957}.Release|Any CPU.Build.0 = Release|x64
		{8582C43D-1722-4D10-AB37-3DBE7B588957}.Release|x64.ActiveCfg = Release|x64
		{8582C43D-1722-4D10-AB37-3DBE7B588957}.Release|x64.Build.0 = Release|x64
		{8582C43D-1722-4D10-AB37-3DBE7B588957}.Release|x86.ActiveCfg = Release|Win32
		{8582C43D-1722-4D10-AB37-3DBE7B588957}.Release|x86.Build.0 = Release|Win32
		{BA9618B0-2BB2-4F10-A4AA-B547878E1C24}.Debug|Any CPU.ActiveCfg = Debug|x64
		{BA9618B0-2BB2-4F10-A4AA-B547878E1C24}.Debug|Any CPU.Build.0 = Debug|x64
		{BA9618B0-2BB2-4F10-A4AA-B547878E1C24}.Debug|x64.ActiveCfg = Debug|x64
		{BA9618B0-2BB2-4F10-A4AA-B547878E1C24}.Debug|x64.Build.0 = Debug|x64
		{BA9618B0-2BB2-4F10-A4AA-B547878E1C24}.Debug|x86.ActiveCfg = Debug|Win32
		{BA9618B0-2BB2-4F10-A4AA-B547878E1C24}.Debug|x86.Build.0 = Debug|Win32
		{BA9618B0-2BB2-4F10-A4AA-B547878E1C24}.Release|Any CPU.ActiveCfg = Release|x64
		{BA9618B0-2BB2-4F10-A4AA-B547878E1C24}.Release|Any CPU.Build.0 = Release|x64
		{BA9618B0-2BB2-4F10-A4AA-B547878E1C24}.Release|x64.ActiveCfg = Release|x64
		{BA9618B0-2BB2-4F10-A4AA-B547878E1C24}.Release|x64.Build.0 = Release|x64
		{BA9618B0-2BB2-4F10-A4AA-B547878E1C24}.Release|x86.ActiveCfg = Release|Win32
		{BA9618B0-2BB2-4F10-A4AA-B547878E1C24}.Release|x86.Build.0 = Release|Win32
		{9C11F74F-5142-42B1-880A-F6753831034E}.Debug|Any CPU.ActiveCfg = Debug|x64
		{9C11F74F-5142-42B1-880A-F6753831034E}.Debug|Any CPU.Build.0 = Debug|x64
		{9C11F74F-5142-42B1-880A-F6753831034E}.Debug|x64.ActiveCfg = Debug|x64
		{9C11F74F-5142-42B1-880A-F6753831034E}.Debug|x64.Build.0 = Debug|x64
		{9C11F74F-5142-42B1-880A-F6753831034E}.Debug|x86.ActiveCfg = Debug|Win32
		{9C11F74F-5142-42B1-880A-F6753831034E}.Debug|x86.Build.0 = Debug|Win32
		{9C11F74F-5142-42B1-880A-F6753831034E}.Release|Any CPU.ActiveCfg = Release|x64
		{9C11F74F-5142-42B1-880A-F6753831034E}.Release|Any CPU.Build.0 = Release|x64
		{9C11F74F-5142-42B1-880A-F6753831034E}.Release|x64.ActiveCfg = Release|x64
		{9C11F74F-5142-42B1-880A-F6753831034E}.Release|x64.Build.0 = Release|x64
		{9C11F74F-5142-42B1-880A-F6753831034E}.Release|x86.ActiveCfg = Release|Win32
		{9C11F74F-5142-42B1-880A-F6753831034E}.Release|x86.Build.0 = Release|Win32
		{5A69282D-0356-4496-915F-72FD74276C6B}.Debug|Any CPU.ActiveCfg = Debug|x64
		{5A69282D-0356-4496-915F-72FD74276C6B}.Debug|Any CPU.Build.0 = Debug|x64
		{5A69282D-0356-4496-915F-72FD74276C6B}.Debug|x64.ActiveCfg = Debug|x64
		{5A69282D-0356-4496-915F-72FD74276C6B}.Debug|x64.Build.0 = Debug|x64
		{5A69282D-0356-4496-915F-72FD74276C6B}.Debug|x86.ActiveCfg = Debug|Win32
		{5A69282D-0356-4496-915F-72FD74276C6B}.Debug|x86.Build.0 = Debug|Win32
		{5A69282D-0356-4496-915F-72FD74276C6B}.Release|Any CPU.ActiveCfg = Release|x64
		{5A69282D-0356-4496-915F-72FD74276C6B}.Release|Any CPU.Build.0 = Release|x64
		{5A69282D-0356-4496-915F-72FD74276C6B}.Release|x64.ActiveCfg = Release|x64
		{5A69282D-0356-4496-915F-72FD74276C6B}.Release|x64.Build.0 = Release|x64
		{5A69282D-0356-4496-915F-72FD74276C6B}.Release|x86.ActiveCfg = Release|Win32
		{5A69282D-0356-4496-915F-72FD74276C6B}.Release|x86.Build.0 = Release|Win32
		{8CF4EF26-9860-4470-9BCB-BDEC2A0BCD26}.Debug|Any CPU.ActiveCfg = Debug|x64
		{8CF4EF26-9860-4470-9BCB-BDEC2A0BCD26}.Debug|Any CPU.Build.0 = Debug|x64
		{8CF4EF26-9860-4470-9BCB-BDEC2A0BCD26}.Debug|x64.ActiveCfg = Debug|x64
		{8CF4EF26-9860-4470-9BCB-BDEC2A0BCD26}.Debug|x64.Build.0 = Debug|x64
		{8CF4EF26-9860-4470-9BCB-BDEC2A0BCD26}.Debug|x86.ActiveCfg = Debug|Win32
		{8CF4EF26-9860-4470-9BCB-BDEC2A0BCD26}.Debug|x86.Build.0 = Debug|Win32
		{8CF4EF26-9860-4470-9BCB-BDEC2A0BCD26}.Release|Any CPU.ActiveCfg = Release|x64
		{8CF4EF26-9860-4470-9BCB-BDEC2A0BCD26}.Release|Any CPU.Build.0 = Release|x64
		{8CF4EF26-9860-4470-9BCB-BDEC2A0BCD26}.Release|x64.ActiveCfg = Release|x64
		{8CF4EF26-9860-4470-9BCB-BDEC2A0BCD26}.Release|x64.Build.0 = Release|x64
		{8CF4EF26-9860-4470-9BCB-BDEC2A0BCD26}.Release|x86.ActiveCfg = Release|Win32
		{8CF4EF26-9860-4470-9BCB-BDEC2A0BCD26}.Release|x86.Build.0 = Release|Win32
		{5CCA240E-63B7-403B-B88B-0F4562C2F87C}.Debug|Any CPU.ActiveCfg = Debug|x64
		{5CCA240E-63B7-403B-B88B-0F4562C2F87C}.Debug|Any CPU.Build.0 = Debug|x64
		{5CCA240E-63B7-403B-B88B-0F4562C2F87C}.Debug|x64.ActiveCfg = Debug|x64
		{5CCA240E-63B7-403B-B88B-0F4562C2F87C}.Debug|x64.Build.0 = Debug|x64
		{5CCA240E-63B7-403B-B88B-0F4562C2F87C}.Debug|x86.ActiveCfg = Debug|Win32
		{5CCA240E-63B7-403B-B88B-0F4562C2F87C}.Debug|x86.Build.0 = Debug|Win32
		{5CCA240E-63B7-403B-B88B-0F4562C2F87C}.Release|Any CPU.ActiveCfg = Release|x64
		{5CCA240E-63B7-403B-B88B-0F4562C2F87C}.Release|Any CPU.Build.0 = Release|x64
		{5CCA240E-63B7-403B-B88B-0F4562C2F87C}.Release|x64.ActiveCfg = Release|x64
		{5CCA240E-63B7-403B-B88B-0F4562C2F87C}.Release|x64.Build.0 = Release|x64
		{5CCA240E-63B7-403B-B88B-0F4562C2F87C}.Release|x86.ActiveCfg = Release|Win32
		{5CCA240E-63B7-403B-B88B-0F4562C2F87C}.Release|x86.Build.0 = Release|Win32
		{1986499B-2B92-4E30-930F-36CFB1B019D9}.Debug|Any CPU.ActiveCfg = Debug|x64
		{1986499B-2B92-4E30-930F-36CFB1B019D9}.Debug|Any CPU.Build.0 = Debug|x64
		{1986499B-2B92-4E30-930F-36CFB1B019D9}.Debug|x64.ActiveCfg = Debug|x64
		{1986499B-2B92-4E30-930F-36CFB1B019D9}.Debug|x64.Build.0 = Debug|x64
		{1986499B-2B92-4E30-930F-36CFB1B019D9}.Debug|x86.ActiveCfg = Debug|Win32
		{1986499B-2B92-4E30-930F-36CFB1B019D9}.Debug|x86.Build.0 = Debug|Win32
		{1986499B-2B92-4E30-930F-36CFB1B019D9}.Release|Any CPU.ActiveCfg = Release|x64
		{1986499B-2B92-4E30-930F-36CFB1B019D9}.Release|Any CPU.Build.0 = Release|x64
		{1986499B-2B92-4E30-930F-36CFB1B019D9}.Release|x64.ActiveCfg = Release|x64
		{1986499B-2B92-4E30-930F-36CFB1B019D9}.Release|x64.Build.0 = Release|x64
		{1986499B-2B92-4E30-930F-36CFB1B019D9}.Release|x86.ActiveCfg = Release|Win32
		{1986499B-2B92-4E30-930F-36CFB1B019D9}.Release|x86.Build.0 = Release|Win32
		{152B6754-8032-4E19-A40A-D29F4E09B800}.Debug|Any CPU.ActiveCfg = Debug|x64
		{152B6754-8032-4E19-A40A-D29F4E09B800}.Debug|Any CPU.Build.0 = Debug|x64
		{152B6754-8032-4E19-A40A-D29F4E09B800}.Debug|x64.ActiveCfg = Debug|x64
		{152B6754-8032-4E19-A40A-D29F4E09B800}.Debug|x64.Build.0 = Debug|x64
		{152B6754-8032-4E19-A40A-D29F4E09B800}.Debug|x86.ActiveCfg = Debug|Win32
		{152B6754-8032-4E19-A40A-D29F4E09B800}.Debug|x86.Build.0 = Debug|Win32
		{152B6754-8032-4E19-A40A-D29F4E09B800}.Release|Any CPU.ActiveCfg = Release|x64
		{152B6754-8032-4E19-A40A-D29F4E09B800}.Release|Any CPU.Build.0 = Release|x64
		{152B6754-8032-4E19-A40A-D29F4E09B800}.Release|x64.ActiveCfg = Release|x64
		{152B6754-8032-4E19-A40A-D29F4E09B800}.Release|x64.Build.0 = Release|x64
		{152B6754-8032-4E19-A40A-D29F4E09B800}.Release|x86.ActiveCfg = Release|Win32
		{152B6754-8032-4E19-A40A-D29F4E09B800}.Release|x86.Build.0 = Release|Win32
		{9572F40A-6C73-4E4A-982F-021A478D4488}.Debug|Any CPU.ActiveCfg = Debug|x64
		{9572F40A-6C73-4E4A-982F-021A478D4488}.Debug|Any CPU.Build.0 = Debug|x64
		{9572F40A-6C73-4E4A-982F-021A478D4488}.Debug|x64.ActiveCfg = Debug|x64
		{9572F40A-6C73-4E4A-982F-021A478D4488}.Debug|x64.Build.0 = Debug|x64
		{9572F40A-6C73-4E4A-982F-021A478D4488}.Debug|x86.ActiveCfg = Debug|Win32
		{9572F40A-6C73-4E4A-982F-021A478D4488}.Debug|x86.Build.0 = Debug|Win32
		{9572F40A-6C73-4E4A-982F-021A478D4488}.Release|Any CPU.ActiveCfg = Release|x64
		{9572F40A-6C73-4E4A-982F-021A478D4488}.Release|Any CPU.Build.0 = Release|x64
		{9572F40A-6C73-4E4A-982F-021A478D4488}.Release|x64.ActiveCfg = Release|x64
		{9572F40A-6C73-4E4A-982F-021A478D4488}.Release|x64.Build.0 = Release|x64
		{9572F40A-6C73-4E4A-982F-021A478D4488}.Release|x86.ActiveCfg = Release|Win32
		{9572F40A-6C73-4E4A-982F-021A478D4488}.Release|x86.Build.0 = Release|Win32
		{C9E94EF9-CA32-40FF-AB36-AC027EF7699B}.Debug|Any CPU.ActiveCfg = Debug|x64
		{C9E94EF9-CA32-40FF-AB36-AC027EF7699B}.Debug|Any CPU.Build.0 = Debug|x64
		{C9E94EF9-CA32-40FF-AB36-AC027EF7699B}.Debug|x64.ActiveCfg = Debug|x64
		{C9E94EF9-CA32-40FF-AB36-AC027EF7699B}.Debug|x64.Build.0 = Debug|x64
		{C9E94EF9-CA32-40FF-AB36-AC027EF7699B}.Debug|x86.ActiveCfg = Debug|Win32
		{C9E94EF9-CA32-40FF-AB36-AC027EF7699B}.Debug|x86.Build.0 = Debug|Win32
		{C9E94EF9-CA32-40FF-AB36-AC027EF7699B}.Release|Any CPU.ActiveCfg = Release|x64
		{C9E94EF9-CA32-40FF-AB36-AC027EF7699B}.Release|Any CPU.Build.0 = Release|x64
		{C9E94EF9-CA32-40FF-AB36-AC027EF7699B}.Release|x64.ActiveCfg = Release|x64
		{C9E94EF9-CA32-40FF-AB36-AC027EF7699B}.Release|x64.Build.0 = Release|x64
		{C9E94EF9-CA32-40FF-AB36-AC027EF7699B}.Release|x86.ActiveCfg = Release|Win32
		{C9E94EF9-CA32-40FF-AB36-AC027EF7699B}.Release|x86.Build.0 = Release|Win32
		{D61D5DA2-0227-4D4B-B822-6F56707EC016}.Debug|Any CPU.ActiveCfg = Debug|x64
		{D61D5DA2-0227-4D4B-B822-6F56707EC016}.Debug|Any CPU.Build.0 = Debug|x64
		{D61D5DA2-0227-4D4B-B822-6F56707EC016}.Debug|x64.ActiveCfg = Debug|x64
		{D61D5DA2-0227-4D4B-B822-6F56707EC016}.Debug|x64.Build.0 = Debug|x64
		{D61D5DA2-0227-4D4B-B822-6F56707EC016}.Debug|x86.ActiveCfg = Debug|Win32
		{D61D5DA2-0227-4D4B-B822-6F56707EC016}.Debug|x86.Build.0 = Debug|Win32
		{D61D5DA2-0227-4D4B-B822-6F56707EC016}.Release|Any CPU.ActiveCfg = Release|x64
		{D61D5DA2-0227-4D4B-B822-6F56707EC016}.Release|Any CPU.Build.0 = Release|x64
		{D61D5DA2-0227-4D4B-B822-6F56707EC016}.Release|x64.ActiveCfg = Release|x64
		{D61D5DA2-0227-4D4B-B822-6F56707EC016}.Release|x64.Build.0 = Release|x64
		{D61D5DA2-0227-4D4B-B822-6F56707EC016}.Release|x86.ActiveCfg = Release|Win32
		{D61D5DA2-0227-4D4B-B822-6F56707EC016}.Release|x86.Build.0 = Release|Win32
		{0CBAD6D3-EFD2-4C15-B6B9-9735334805EE}.Debug|Any CPU.ActiveCfg = Debug|x64
		{0CBAD6D3-EFD2-4C15-B6B9-9735334805EE}.Debug|Any CPU.Build.0 = Debug|x64
		{0CBAD6D3-EFD2-4C15-B6B9-9735334805EE}.Debug|x64.ActiveCfg = Debug|x64
		{0CBAD6D3-EFD2-4C15-B6B9-9735334805EE}.Debug|x64.Build.0 = Debug|x64
		{0CBAD6D3-EFD2-4C15-B6B9-9735334805EE}.Debug|x86.ActiveCfg = Debug|Win32
		{0CBAD6D3-EFD2-4C15-B6B9-9735334805EE}.Debug|x86.Build.0 = Debug|Win32
		{0CBAD6D3-EFD2-4C15-B6B9-9735334805EE}.Release|Any CPU.ActiveCfg = Release|x64
		{0CBAD6D3-EFD2-4C15-B6B9-9735334805EE}.Release|Any CPU.Build.0 = Release|x64
		{0CBAD6D3-EFD2-4C15-B6B9-9735334805EE}.Release|x64.ActiveCfg = Release|x64
		{0CBAD6D3-EFD2-4C15-B6B9-9735334805EE}.Release|x64.Build.0 = Release|x64
		{0CBAD6D3-EFD2-4C15-B6B9-9735334805EE}.Release|x86.ActiveCfg = Release|Win32
		{0CBAD6D3-EFD2-4C15-B6B9-9735334805EE}.Release|x86.Build.0 = Release|Win32
		{A111571A-CFBB-4E07-AA6F-13FCE8547EE7}.Debug|Any CPU.ActiveCfg = Debug|x64
		{A111571A-CFBB-4E07-AA6F-13FCE8547EE7}.Debug|Any CPU.Build.0 = Debug|x64
		{A111571A-CFBB-4E07-AA6F-13FCE8547EE7}.Debug|x64.ActiveCfg = Debug|x64
		{A111571A-CFBB-4E07-AA6F-13FCE8547EE7}.Debug|x64.Build.0 = Debug|x64
		{A111571A-CFBB-4E07-AA6F-13FCE8547EE7}.Debug|x86.ActiveCfg = Debug|Win32
		{A111571A-CFBB-4E07-AA6F-13FCE8547EE7}.Debug|x86.Build.0 = Debug|Win32
		{A111571A-CFBB-4E07-AA6F-13FCE8547EE7}.Release|Any CPU.ActiveCfg = Release|x64
		{A111571A-CFBB-4E07-AA6F-13FCE8547EE7}.Release|Any CPU.Build.0 = Release|x64
		{A111571A-CFBB-4E07-AA6F-13FCE8547EE7}.Release|x64.ActiveCfg = Release|x64
		{A111571A-CFBB-4E07-AA6F-13FCE8547EE7}.Release|x64.Build.0 = Release|x64
		{A111571A-CFBB-4E07-AA6F-13FCE8547EE7}.Release|x86.ActiveCfg = Release|Win32
		{A111571A-CFBB-4E07-AA6F-13FCE8547EE7}.Release|x86.Build.0 = Release|Win32
		{3347F898-6843-431F-AF04-A167A2B4D62B}.Debug|Any CPU.ActiveCfg = Debug|x64
		{3347F898-6843-431F-AF04-A167A2B4D62B}.Debug|Any CPU.Build.0 = Debug|x64
		{3347F898-6843-431F-AF04-A167A2B4D62B}.Debug|x64.ActiveCfg = Debug|x64
		{3347F898-6843-431F-AF04-A167A2B4D62B}.Debug|x64.Build.0 = Debug|x64
		{3347F898-6843-431F-AF04-A167A2B4D62B}.Debug|x86.ActiveCfg = Debug|Win32
		{3347F898-6843-431F-AF04-A167A2B4D62B}.Debug|x86.Build.0 = Debug|Win32
		{3347F898-6843-431F-AF04-A167A2B4D62B}.Release|Any CPU.ActiveCfg = Release|x64
		{3347F898-6843-431F-AF04-A167A2B4D62B}.Release|Any CPU.Build.0 = Release|x64
		{3347F898-6843-431F-AF04-A167A2B4D62B}.Release|x64.ActiveCfg = Release|x64
		{3347F898-6843-431F-AF04-A167A2B4D62B}.Release|x64.Build.0 = Release|x64
		{3347F898-6843-431F-AF04-A167A2B4D62B}.Release|x86.ActiveCfg = Release|Win32
		{3347F898-6843-431F-AF04-A167A2B4D62B}.Release|x86.Build.0 = Release|Win32
		{716E7530-0089-4C2F-990D-7309DCA9F81D}.Debug|Any CPU.ActiveCfg = Debug|x64
		{716E7530-0089-4C2F-990D-7309DCA9F81D}.Debug|Any CPU.Build.0 = Debug|x64
		{716E7530-0089-4C2F-990D-7309DCA9F81D}.Debug|x64.ActiveCfg = Debug|x64
		{716E7530-0089-4C2F-990D-7309DCA9F81D}.Debug|x64.Build.0 = Debug|x64
		{716E7530-0089-4C2F-990D-7309DCA9F81D}.Debug|x86.ActiveCfg = Debug|Win32
		{716E7530-0089-4C2F-990D-7309DCA9F81D}.Debug|x86.Build.0 = Debug|Win32
		{716E7530-0089-4C2F-990D-7309DCA9F81D}.Release|Any CPU.ActiveCfg = Release|x64
		{716E7530-0089-4C2F-990D-7309DCA9F81D}.Release|Any CPU.Build.0 = Release|x64
		{716E7530-0089-4C2F-990D-7309DCA9F81D}.Release|x64.ActiveCfg = Release|x64
		{716E7530-0089-4C2F-990D-7309DCA9F81D}.Release|x64.Build.0 = Release|x64
		{716E7530-0089-4C2F-990D-7309DCA9F81D}.Release|x86.ActiveCfg = Release|Win32
		{716E7530-0089-4C2F-990D-7309DCA9F81D}.Release|x86.Build.0 = Release|Win32
		{4D7DFDD6-CB44-4E5F-A27D-E1F47216E9B3}.Debug|Any CPU.ActiveCfg = Debug|x64
		{4D7DFDD6-CB44-4E5F-A27D-E1F47216E9B3}.Debug|Any CPU.Build.0 = Debug|x64
		{4D7DFDD6-CB44-4E5F-A27D-E1F47216E9B3}.Debug|x64.ActiveCfg = Debug|x64
		{4D7DFDD6-CB44-4E5F-A27D-E1F47216E9B3}.Debug|x64.Build.0 = Debug|x64
		{4D7DFDD6-CB44-4E5F-A27D-E1F47216E9B3}.Debug|x86.ActiveCfg = Debug|Win32
		{4D7DFDD6-CB44-4E5F-A27D-E1F47216E9B3}.Debug|x86.Build.0 = Debug|Win32
		{4D7DFDD6-CB44-4E5F-A27D-E1F47216E9B3}.Release|Any CPU.ActiveCfg = Release|x64
		{4D7DFDD6-CB44-4E5F-A27D-E1F47216E9B3}.Release|Any CPU.Build.0 = Release|x64
		{4D7DFDD6-CB44-4E5F-A27D-E1F47216E9B3}.Release|x64.ActiveCfg = Release|x64
		{4D7DFDD6-CB44-4E5F-A27D-E1F47216E9B3}.Release|x64.Build.0 = Release|x64
		{4D7DFDD6-CB44-4E5F-A27D-E1F47216E9B3}.Release|x86.ActiveCfg = Release|Win32
		{4D7DFDD6-CB44-4E5F-A27D-E1F47216E9B3}.Release|x86.Build.0 = Release|Win32
		{892BA136-FAC3-40D0-B4D5-A0839573D0B3}.Debug|Any CPU.ActiveCfg = Debug|x64
		{892BA136-FAC3-40D0-B4D5-A0839573D0B3}.Debug|Any CPU.Build.0 = Debug|x64
		{892BA136-FAC3-40D0-B4D5-A0839573D0B3}.Debug|x64.ActiveCfg = Debug|x64
		{892BA136-FAC3-40D0-B4D5-A0839573D0B3}.Debug|x64.Build.0 = Debug|x64
		{892BA136-FAC3-40D0-B4D5-A0839573D0B3}.Debug|x86.ActiveCfg = Debug|Win32
		{892BA136-FAC3-40D0-B4D5-A0839573D0B3}.Debug|x86.Build.0 = Debug|Win32
		{892BA136-FAC3-40D0-B4D5-A0839573D0B3}.Release|Any CPU.ActiveCfg = Release|x64
		{892BA136-FAC3-40D0-B4D5-A0839573D0B3}.Release|Any CPU.Build.0 = Release|x64
		{892BA136-FAC3-40D0-B4D5-A0839573D0B3}.Release|x64.ActiveCfg = Release|x64
		{892BA136-FAC3-40D0-B4D5-A0839573D0B3}.Release|x64.Build.0 = Release|x64
		{892BA136-FAC3-40D0-B4D5-A0839573D0B3}.Release|x86.ActiveCfg = Release|Win32
		{892BA136-FAC3-40D0-B4D5-A0839573D0B3}.Release|x86.Build.0 = Release|Win32
		{D2BAA4DA-CE56-43A1-83A5-EA0BF77F47D8}.Debug|Any CPU.ActiveCfg = Debug|x64
		{D2BAA4DA-CE56-43A1-83A5-EA0BF77F47D8}.Debug|Any CPU.Build.0 = Debug|x64
		{D2BAA4DA-CE56-43A1-83A5-EA0BF77F47D8}.Debug|x64.ActiveCfg = Debug|x64
		{D2BAA4DA-CE56-43A1-83A5-EA0BF77F47D8}.Debug|x64.Build.0 = Debug|x64
		{D2BAA4DA-CE56-43A1-83A5-EA0BF77F47D8}.Debug|x86.ActiveCfg = Debug|Win32
		{D2BAA4DA-CE56-43A1-83A5-EA0BF77F47D8}.Debug|x86.Build.0 = Debug|Win32
		{D2BAA4DA-CE56-43A1-83A5-EA0BF77F47D8}.Release|Any CPU.ActiveCfg = Release|x64
		{D2BAA4DA-CE56-43A1-83A5-EA0BF77F47D8}.Release|Any CPU.Build.0 = Release|x64
		{D2BAA4DA-CE56-43A1-83A5-EA0BF77F47D8}.Release|x64.ActiveCfg = Release|x64
		{D2BAA4DA-CE56-43A1-83A5-EA0BF77F47D8}.Release|x64.Build.0 = Release|x64
		{D2BAA4DA-CE56-43A1-83A5-EA0BF77F47D8}.Release|x86.ActiveCfg = Release|Win32
		{D2BAA4DA-CE56-43A1-83A5-EA0BF77F47D8}.Release|x86.Build.0 = Release|Win32
		{8EB3B263-33AA-40CB-8552-2AD6109C4B78}.Debug|Any CPU.ActiveCfg = Debug|x64
		{8EB3B263-33AA-40CB-8552-2AD6109C4B78}.Debug|Any CPU.Build.0 = Debug|x64
		{8EB3B263-33AA-40CB-8552-2AD6109C4B78}.Debug|x64.ActiveCfg = Debug|x64
		{8EB3B263-33AA-40CB-8552-2AD6109C4B78}.Debug|x64.Build.0 = Debug|x64
		{8EB3B263-33AA-40CB-8552-2AD6109C4B78}.Debug|x86.ActiveCfg = Debug|Win32
		{8EB3B263-33AA-40CB-8552-2AD6109C4B78}.Debug|x86.Build.0 = Debug|Win32
		{8EB3B263-33AA-40CB-8552-2AD6109C4B78}.Release|Any CPU.ActiveCfg = Release|x64
		{8EB3B263-33AA-40CB-8552-2AD6109C4B78}.Release|Any CPU.Build.0 = Release|x64
		{8EB3B263-33AA-40CB-8552-2AD6109C4B78}.Release|x64.ActiveCfg = Release|x64
		{8EB3B263-33AA-40CB-8552-2AD6109C4B78}.Release|x64.Build.0 = Release|x64
		{8EB3B263-33AA-40CB-8552-2AD6109C4B78}.Release|x86.ActiveCfg = Release|Win32
		{8EB3B263-33AA-40CB-8552-2AD6109C4B78}.Release|x86.Build.0 = Release|Win32
		{AA973657-2E6A-46A3-91C7-894E7B6EEE21}.Debug|Any CPU.ActiveCfg = Debug|x64
		{AA973657-2E6A-46A3-91C7-894E7B6EEE21}.Debug|Any CPU.Build.0 = Debug|x64
		{AA973657-2E6A-46A3-91C7-894E7B6EEE21}.Debug|x64.ActiveCfg = Debug|x64
		{AA973657-2E6A-46A3-91C7-894E7B6EEE21}.Debug|x64.Build.0 = Debug|x64
		{AA973657-2E6A-46A3-91C7-894E7B6EEE21}.Debug|x86.ActiveCfg = Debug|Win32
		{AA973657-2E6A-46A3-91C7-894E7B6EEE21}.Debug|x86.Build.0 = Debug|Win32
		{AA973657-2E6A-46A3-91C7-894E7B6EEE21}.Release|Any CPU.ActiveCfg = Release|x64
		{AA973657-2E6A-46A3-91C7-894E7B6EEE21}.Release|Any CPU.Build.0 = Release|x64
		{AA973657-2E6A-46A3-91C7-894E7B6EEE21}.Release|x64.ActiveCfg = Release|x64
		{AA973657-2E6A-46A3-91C7-894E7B6EEE21}.Release|x64.Build.0 = Release|x64
		{AA973657-2E6A-46A3-91C7-894E7B6EEE21}.Release|x86.ActiveCfg = Release|Win32
		{AA973657-2E6A-46A3-91C7-894E7B6EEE21}.Release|x86.Build.0 = Release|Win32
		{4C5A274C-22CE-4959-AA2A-225E5B295E9B}.Debug|Any CPU.ActiveCfg = Debug|x64
		{4C5A274C-22CE-4959-AA2A-225E5B295E9B}.Debug|Any CPU.Build.0 = Debug|x64
		{4C5A274C-22CE-4959-AA2A-225E5B295E9B}.Debug|x64.ActiveCfg = Debug|x64
		{4C5A274C-22CE-4959-AA2A-225E5B295E9B}.Debug|x64.Build.0 = Debug|x64
		{4C5A274C-22CE-4959-AA2A-225E5B295E9B}.Debug|x86.ActiveCfg = Debug|Win32
		{4C5A274C-22CE-4959-AA2A-225E5B295E9B}.Debug|x86.Build.0 = Debug|Win32
		{4C5A274C-22CE-4959-AA2A-225E5B295E9B}.Release|Any CPU.ActiveCfg = Release|x64
		{4C5A274C-22CE-4959-AA2A-225E5B295E9B}.Release|Any CPU.Build.0 = Release|x64
		{4C5A274C-22CE-4959-AA2A-225E5B295E9B}.Release|x64.ActiveCfg = Release|x64
		{4C5A274C-22CE-4959-AA2A-225E5B295E9B}.Release|x64.Build.0 = Release|x64
		{4C5A274C-22CE-4959-AA2A-225E5B295E9B}.Release|x86.ActiveCfg = Release|Win32
		{4C5A274C-22CE-4959-AA2A-225E5B295E9B}.Release|x86.Build.0 = Release|Win32
		{F219A401-F560-4955-A07D-08C5653C68A1}.Debug|Any CPU.ActiveCfg = Debug|x64
		{F219A401-F560-4955-A07D-08C5653C68A1}.Debug|Any CPU.Build.0 = Debug|x64
		{F219A401-F560-4955-A07D-08C5653C68A1}.Debug|x64.ActiveCfg = Debug|x64
		{F219A401-F560-4955-A07D-08C5653C68A1}.Debug|x64.Build.0 = Debug|x64
		{F219A401-F560-4955-A07D-08C5653C68A1}.Debug|x86.ActiveCfg = Debug|Win32
		{F219A401-F560-4955-A07D-08C5653C68A1}.Debug|x86.Build.0 = Debug|Win32
		{F219A401-F560-4955-A07D-08C5653C68A1}.Release|Any CPU.ActiveCfg = Release|x64
		{F219A401-F560-4955-A07D-08C5653C68A1}.Release|Any CPU.Build.0 = Release|x64
		{F219A401-F560-4955-A07D-08C5653C68A1}.Release|x64.ActiveCfg = Release|x64
		{F219A401-F560-4955-A07D-08C5653C68A1}.Release|x64.Build.0 = Release|x64
		{F219A401-F560-4955-A07D-08C5653C68A1}.Release|x86.ActiveCfg = Release|Win32
		{F219A401-F560-4955-A07D-08C5653C68A1}.Release|x86.Build.0 = Release|Win32
		{010778F4-75D3-49B9-96EA-FE100B131D94}.Debug|Any CPU.ActiveCfg = Debug|x64
		{010778F4-75D3-49B9-96EA-FE100B131D94}.Debug|Any CPU.Build.0 = Debug|x64
		{010778F4-75D3-49B9-96EA-FE100B131D94}.Debug|x64.ActiveCfg = Debug|x64
		{010778F4-75D3-49B9-96EA-FE100B131D94}.Debug|x64.Build.0 = Debug|x64
		{010778F4-75D3-49B9-96EA-FE100B131D94}.Debug|x86.ActiveCfg = Debug|Win32
		{010778F4-75D3-49B9-96EA-FE100B131D94}.Debug|x86.Build.0 = Debug|Win32
		{010778F4-75D3-49B9-96EA-FE100B131D94}.Release|Any CPU.ActiveCfg = Release|x64
		{010778F4-75D3-49B9-96EA-FE100B131D94}.Release|Any CPU.Build.0 = Release|x64
		{010778F4-75D3-49B9-96EA-FE100B131D94}.Release|x64.ActiveCfg = Release|x64
		{010778F4-75D3-49B9-96EA-FE100B131D94}.Release|x64.Build.0 = Release|x64
		{010778F4-75D3-49B9-96EA-FE100B131D94}.Release|x86.ActiveCfg = Release|Win32
		{010778F4-75D3-49B9-96EA-FE100B131D94}.Release|x86.Build.0 = Release|Win32
	EndGlobalSection
	GlobalSection(SolutionProperties) = preSolution
		HideSolutionNode = FALSE
	EndGlobalSection
	GlobalSection(NestedProjects) = preSolution
		{FA7E9BB1-725F-4B76-8E49-B700D773BAA5} = {FBB7B083-FDEC-4BEC-8A49-B6BB11F9A694}
		{FF259607-B668-4674-8A67-9A01CA424F0B} = {FBB7B083-FDEC-4BEC-8A49-B6BB11F9A694}
		{8582C43D-1722-4D10-AB37-3DBE7B588957} = {13C489BD-77C8-49B8-AC7A-FFBE6226FDF6}
		{BA9618B0-2BB2-4F10-A4AA-B547878E1C24} = {FBB7B083-FDEC-4BEC-8A49-B6BB11F9A694}
		{9C11F74F-5142-42B1-880A-F6753831034E} = {FBB7B083-FDEC-4BEC-8A49-B6BB11F9A694}
		{5A69282D-0356-4496-915F-72FD74276C6B} = {FBB7B083-FDEC-4BEC-8A49-B6BB11F9A694}
		{8CF4EF26-9860-4470-9BCB-BDEC2A0BCD26} = {FBB7B083-FDEC-4BEC-8A49-B6BB11F9A694}
		{5CCA240E-63B7-403B-B88B-0F4562C2F87C} = {FBB7B083-FDEC-4BEC-8A49-B6BB11F9A694}
		{1986499B-2B92-4E30-930F-36CFB1B019D9} = {FBB7B083-FDEC-4BEC-8A49-B6BB11F9A694}
		{152B6754-8032-4E19-A40A-D29F4E09B800} = {FBB7B083-FDEC-4BEC-8A49-B6BB11F9A694}
		{9572F40A-6C73-4E4A-982F-021A478D4488} = {13C489BD-77C8-49B8-AC7A-FFBE6226FDF6}
		{C9E94EF9-CA32-40FF-AB36-AC027EF7699B} = {FBB7B083-FDEC-4BEC-8A49-B6BB11F9A694}
		{D61D5DA2-0227-4D4B-B822-6F56707EC016} = {FBB7B083-FDEC-4BEC-8A49-B6BB11F9A694}
		{0CBAD6D3-EFD2-4C15-B6B9-9735334805EE} = {FBB7B083-FDEC-4BEC-8A49-B6BB11F9A694}
		{A111571A-CFBB-4E07-AA6F-13FCE8547EE7} = {FBB7B083-FDEC-4BEC-8A49-B6BB11F9A694}
		{3347F898-6843-431F-AF04-A167A2B4D62B} = {FBB7B083-FDEC-4BEC-8A49-B6BB11F9A694}
		{716E7530-0089-4C2F-990D-7309DCA9F81D} = {FBB7B083-FDEC-4BEC-8A49-B6BB11F9A694}
		{4D7DFDD6-CB44-4E5F-A27D-E1F47216E9B3} = {FBB7B083-FDEC-4BEC-8A49-B6BB11F9A694}
		{892BA136-FAC3-40D0-B4D5-A0839573D0B3} = {FBB7B083-FDEC-4BEC-8A49-B6BB11F9A694}
		{FB311C0C-1032-4D99-8C3D-BD518201F692} = {4FB4CC56-D360-4C93-A2F8-53DB3D197814}
		{D2BAA4DA-CE56-43A1-83A5-EA0BF77F47D8} = {FB311C0C-1032-4D99-8C3D-BD518201F692}
		{8EB3B263-33AA-40CB-8552-2AD6109C4B78} = {4FB4CC56-D360-4C93-A2F8-53DB3D197814}
		{AA973657-2E6A-46A3-91C7-894E7B6EEE21} = {FB311C0C-1032-4D99-8C3D-BD518201F692}
		{4C5A274C-22CE-4959-AA2A-225E5B295E9B} = {FB311C0C-1032-4D99-8C3D-BD518201F692}
		{F219A401-F560-4955-A07D-08C5653C68A1} = {FB311C0C-1032-4D99-8C3D-BD518201F692}
		{010778F4-75D3-49B9-96EA-FE100B131D94} = {FB311C0C-1032-4D99-8C3D-BD518201F692}
	EndGlobalSection
	GlobalSection(ExtensibilityGlobals) = postSolution
		SolutionGuid = {79542A88-4140-4EB3-AE81-63D848ED7702}
	EndGlobalSection
EndGlobal
